<?xml version="1.0" encoding="utf-8"?>
<Project ToolsVersion="4.0" xmlns="http://schemas.microsoft.com/developer/msbuild/2003">
  <ItemGroup>
    <Filter Include="소스 파일">
      <UniqueIdentifier>{4FC737F1-C7A5-4376-A066-2A32D752A2FF}</UniqueIdentifier>
      <Extensions>cpp;c;cc;cxx;c++;cppm;ixx;def;odl;idl;hpj;bat;asm;asmx</Extensions>
    </Filter>
    <Filter Include="헤더 파일">
      <UniqueIdentifier>{93995380-89BD-4b04-88EB-625FBE52EBFB}</UniqueIdentifier>
      <Extensions>h;hh;hpp;hxx;h++;hm;inl;inc;ipp;xsd</Extensions>
    </Filter>
    <Filter Include="리소스 파일">
      <UniqueIdentifier>{67DA6AB6-F800-4c08-8B7A-83BB121AAD01}</UniqueIdentifier>
      <Extensions>rc;ico;cur;bmp;dlg;rc2;rct;bin;rgs;gif;jpg;jpeg;jpe;resx;tiff;tif;png;wav;mfcribbon-ms</Extensions>
    </Filter>
    <Filter Include="소스 파일\20240903">
      <UniqueIdentifier>{6a2d1484-a260-43d1-b4ed-c4a00f0b3c3d}</UniqueIdentifier>
    </Filter>
    <Filter Include="소스 파일\20240902">
      <UniqueIdentifier>{45b6e8ec-d63a-4fb3-917b-793b659ee51c}</UniqueIdentifier>
    </Filter>
    <Filter Include="소스 파일\20240904">
      <UniqueIdentifier>{b88807eb-f823-40d8-a5b9-9bc09fc7958a}</UniqueIdentifier>
    </Filter>
    <Filter Include="소스 파일\20240905">
      <UniqueIdentifier>{7aae7bf0-e41e-4617-9f76-f1343653beed}</UniqueIdentifier>
    </Filter>
    <Filter Include="소스 파일\20240906">
      <UniqueIdentifier>{8f8d1aba-aa1a-4e9b-b82a-2701ff9dc045}</UniqueIdentifier>
    </Filter>
    <Filter Include="소스 파일\20240909">
      <UniqueIdentifier>{21f4566f-88c4-4ea2-9438-ecf9d775f2d2}</UniqueIdentifier>
    </Filter>
    <Filter Include="소스 파일\20240910">
      <UniqueIdentifier>{18350855-bcda-47ef-bbf1-d5d6cd87d35d}</UniqueIdentifier>
    </Filter>
  </ItemGroup>
  <ItemGroup>
    <ClCompile Include="240903DataType.cpp">
      <Filter>소스 파일\20240903</Filter>
    </ClCompile>
    <ClCompile Include="240902Homework.cpp">
      <Filter>소스 파일\20240902</Filter>
    </ClCompile>
    <ClCompile Include="240902Main.cpp">
      <Filter>소스 파일\20240902</Filter>
    </ClCompile>
    <ClCompile Include="240902Variable.cpp">
      <Filter>소스 파일\20240902</Filter>
    </ClCompile>
    <ClCompile Include="240903Operater.cpp">
      <Filter>소스 파일\20240903</Filter>
    </ClCompile>
    <ClCompile Include="240903Homework.cpp">
      <Filter>소스 파일\20240903</Filter>
    </ClCompile>
    <ClCompile Include="240904ConditionalStatement.cpp">
      <Filter>소스 파일\20240904</Filter>
    </ClCompile>
    <ClCompile Include="240904ConStateEx.cpp">
      <Filter>소스 파일\20240904</Filter>
    </ClCompile>
    <ClCompile Include="240904ConditionalStatement2.cpp">
      <Filter>소스 파일\20240904</Filter>
    </ClCompile>
    <ClCompile Include="240904Homework.cpp">
      <Filter>소스 파일\20240904</Filter>
    </ClCompile>
    <ClCompile Include="240905Loop01.cpp">
      <Filter>소스 파일\20240905</Filter>
    </ClCompile>
    <ClCompile Include="240905Homework.cpp">
      <Filter>소스 파일\20240905</Filter>
    </ClCompile>
    <ClCompile Include="240905While.cpp">
      <Filter>소스 파일\20240905</Filter>
    </ClCompile>
    <ClCompile Include="240905Main.cpp">
      <Filter>소스 파일\20240905</Filter>
    </ClCompile>
    <ClCompile Include="240906Main.cpp">
      <Filter>소스 파일\20240906</Filter>
    </ClCompile>
    <ClCompile Include="240906FuncOver.cpp">
      <Filter>소스 파일\20240906</Filter>
    </ClCompile>
    <ClCompile Include="240906Array.cpp">
      <Filter>소스 파일\20240906</Filter>
    </ClCompile>
    <ClCompile Include="240906Array1.cpp">
      <Filter>소스 파일\20240906</Filter>
    </ClCompile>
    <ClCompile Include="240906Shuffle.cpp">
      <Filter>소스 파일\20240906</Filter>
    </ClCompile>
    <ClCompile Include="240906Homework.cpp">
      <Filter>소스 파일\20240906</Filter>
    </ClCompile>
    <ClCompile Include="240906Homework2.cpp">
      <Filter>소스 파일\20240906</Filter>
    </ClCompile>
    <ClCompile Include="240906Homework4.cpp">
      <Filter>소스 파일\20240906</Filter>
    </ClCompile>
    <ClCompile Include="240909Main.cpp">
      <Filter>소스 파일\20240909</Filter>
    </ClCompile>
    <ClCompile Include="240909Struct.cpp">
      <Filter>소스 파일\20240909</Filter>
    </ClCompile>
    <ClCompile Include="240909Homework1.cpp">
      <Filter>소스 파일\20240909</Filter>
    </ClCompile>
    <ClCompile Include="240909Homework2.cpp">
      <Filter>소스 파일\20240909</Filter>
    </ClCompile>
    <ClCompile Include="240909WallNam.cpp">
      <Filter>소스 파일\20240909</Filter>
    </ClCompile>
    <ClCompile Include="240909Homework3.cpp">
      <Filter>소스 파일\20240909</Filter>
    </ClCompile>
    <ClCompile Include="240910Pointer.cpp">
      <Filter>소스 파일\20240910</Filter>
    </ClCompile>
  </ItemGroup>
</Project>